
Microsoft Visual Studio Solution File, Format Version 12.00
# Visual Studio 2013
VisualStudioVersion = 12.0.21005.1
MinimumVisualStudioVersion = 10.0.40219.1
Project("{FAE04EC0-301F-11D3-BF4B-00C04F79EFBC}") = "Weave", "Weave\Weave.csproj", "{7EC89818-57BE-4B54-8B69-38E7C7E8470E}"
EndProject
Project("{FAE04EC0-301F-11D3-BF4B-00C04F79EFBC}") = "Weave.ViewModels", "..\..\Weave.Portable\Weave.ViewModels\Weave.ViewModels.csproj", "{0F188FC9-D10C-48DB-917A-FF1CB9C8E795}"
EndProject
Project("{FAE04EC0-301F-11D3-BF4B-00C04F79EFBC}") = "Weave.ViewModels.Repository", "..\..\Weave.Portable\Weave.ViewModels.Repository\Weave.ViewModels.Repository.csproj", "{D326F8C2-8DCF-43D4-9BAD-BC07CA6D6CCE}"
EndProject
Project("{2150E333-8FDC-42A3-9474-1A3956D46DE8}") = "Common", "Common", "{9BE6AEB5-8BBE-4626-937F-70827254E440}"
EndProject
Project("{2150E333-8FDC-42A3-9474-1A3956D46DE8}") = "Library", "Library", "{A962945C-D6F6-442E-8195-929C93F78E22}"
EndProject
Project("{FAE04EC0-301F-11D3-BF4B-00C04F79EFBC}") = "Weave.Mobilizer.Client", "Weave.Mobilizer.Client\Weave.Mobilizer.Client.csproj", "{E69950F6-0A2E-4481-ADCF-839301969B3E}"
EndProject
Project("{FAE04EC0-301F-11D3-BF4B-00C04F79EFBC}") = "Weave.Mobilizer.DTOs", "..\..\Weave.Portable\Weave.Mobilizer.DTOs\Weave.Mobilizer.DTOs.csproj", "{0A9019E4-E76F-4FAC-A5C7-70F32CF5E2C1}"
EndProject
Project("{FAE04EC0-301F-11D3-BF4B-00C04F79EFBC}") = "Weave.User.Service.DTOs", "..\..\Weave.Portable\Weave.User.Service.DTOs\Weave.User.Service.DTOs.csproj", "{75F2F4B1-BEB2-4AC6-A935-5A795C5A79A0}"
EndProject
Project("{FAE04EC0-301F-11D3-BF4B-00C04F79EFBC}") = "Weave.User.Service.Contracts", "..\..\Weave.Portable\Weave.User.Service.Contracts\Weave.User.Service.Contracts.csproj", "{02F3363F-7B0F-4C5F-9123-B388F2870C35}"
EndProject
Project("{FAE04EC0-301F-11D3-BF4B-00C04F79EFBC}") = "Weave.Article.Service.DTOs", "..\..\Weave.Portable\Weave.Article.Service.DTOs\Weave.Article.Service.DTOs.csproj", "{2B4D1AF0-8C77-475D-8D14-DB7B506F9450}"
EndProject
Project("{FAE04EC0-301F-11D3-BF4B-00C04F79EFBC}") = "Weave.Article.Service.Contracts", "..\..\Weave.Portable\Weave.Article.Service.Contracts\Weave.Article.Service.Contracts.csproj", "{D727F239-EE96-4B05-8F17-65871B52B260}"
EndProject
Project("{2150E333-8FDC-42A3-9474-1A3956D46DE8}") = "Services", "Services", "{1D25790F-8753-4688-BEED-A00939942FBF}"
EndProject
Project("{2150E333-8FDC-42A3-9474-1A3956D46DE8}") = "Article", "Article", "{C058F678-20B0-47ED-B39F-FA4D3CE305B3}"
EndProject
Project("{2150E333-8FDC-42A3-9474-1A3956D46DE8}") = "Idenitity", "Idenitity", "{DC04916F-B6E4-4405-99E9-7F5C6E3E2762}"
EndProject
Project("{2150E333-8FDC-42A3-9474-1A3956D46DE8}") = "Mobilizer", "Mobilizer", "{A15109C9-4A41-4B57-A7EC-0772C4AC6EE4}"
EndProject
Project("{2150E333-8FDC-42A3-9474-1A3956D46DE8}") = "User", "User", "{5AC2BF2A-504E-4872-BA9E-D7DF966118A4}"
EndProject
Project("{FAE04EC0-301F-11D3-BF4B-00C04F79EFBC}") = "Weave.Identity.Service.DTOs", "..\..\Weave.Portable\Weave.Identity.Service.DTOs\Weave.Identity.Service.DTOs.csproj", "{6FA5AC47-653A-4634-8BCA-CF68BA33F884}"
EndProject
Project("{FAE04EC0-301F-11D3-BF4B-00C04F79EFBC}") = "Weave.Identity.Service.Contracts", "..\..\Weave.Portable\Weave.Identity.Service.Contracts\Weave.Identity.Service.Contracts.csproj", "{CCE98720-6054-4EF8-BA8C-14821B35EC1D}"
EndProject
Project("{FAE04EC0-301F-11D3-BF4B-00C04F79EFBC}") = "Weave.Mobilizer.Contracts", "..\..\Weave.Portable\Weave.Mobilizer.Contracts\Weave.Mobilizer.Contracts.csproj", "{FC776CA4-35B3-4024-8667-CB265805A519}"
EndProject
Project("{FAE04EC0-301F-11D3-BF4B-00C04F79EFBC}") = "Weave.Microsoft.OneNote", "Weave.Microsoft.OneNote\Weave.Microsoft.OneNote.csproj", "{40DD10DB-45AE-41AC-91B0-99FE84280A88}"
EndProject
Project("{FAE04EC0-301F-11D3-BF4B-00C04F79EFBC}") = "SelesGames.HttpClient", "..\..\Weave.Portable\SelesGames.HttpClient\SelesGames.HttpClient.csproj", "{E93C1441-A175-4D76-9E97-092E9C621E55}"
EndProject
Project("{FAE04EC0-301F-11D3-BF4B-00C04F79EFBC}") = "Common.Net.Http.Compression", "..\..\Weave.Portable\Common.Net.Http.Compression\Common.Net.Http.Compression.csproj", "{8162E82C-C141-4A69-90EF-4A2593A374DF}"
EndProject
Project("{FAE04EC0-301F-11D3-BF4B-00C04F79EFBC}") = "Weave.User.Service.Client", "..\..\Weave.Portable\Weave.User.Service.Client\Weave.User.Service.Client.csproj", "{3BD5FAB6-6843-4DAD-8846-2033AAF03FD7}"
EndProject
Project("{FAE04EC0-301F-11D3-BF4B-00C04F79EFBC}") = "Weave.Identity.Service.Client", "..\..\Weave.Portable\Weave.Identity.Service.Client\Weave.Identity.Service.Client.csproj", "{42E619BA-2842-44A7-94D4-4B1485C7136B}"
EndProject
Project("{FAE04EC0-301F-11D3-BF4B-00C04F79EFBC}") = "Weave.Article.Service.Client", "..\..\Weave.Portable\Weave.Article.Service.Client\Weave.Article.Service.Client.csproj", "{620200B1-17F4-4C5A-A301-CA9AED702806}"
EndProject
Project("{FAE04EC0-301F-11D3-BF4B-00C04F79EFBC}") = "Weave.FeedLibrary", "..\..\Weave.Portable\Weave.FeedLibrary\Weave.FeedLibrary.csproj", "{588B02FC-6BB9-49AE-8ECE-2A4BAC9B470B}"
EndProject
Project("{FAE04EC0-301F-11D3-BF4B-00C04F79EFBC}") = "Common.Microsoft", "..\..\Weave.Portable\Common.Microsoft\Common.Microsoft.csproj", "{C323425E-3A4B-4A22-9CE5-ACF8D7124897}"
EndProject
Project("{FAE04EC0-301F-11D3-BF4B-00C04F79EFBC}") = "Common.Microsoft.OneNote", "..\..\Weave.Portable\Common.Microsoft.OneNote\Common.Microsoft.OneNote.csproj", "{7B342C99-3758-4FA0-BE6E-576F07286DF7}"
EndProject
Project("{FAE04EC0-301F-11D3-BF4B-00C04F79EFBC}") = "Weave.FeedSearchService", "Weave.FeedSearchService\Weave.FeedSearchService.csproj", "{76361B4A-F393-409D-BDD8-3CDA0CC5D118}"
EndProject
Project("{2150E333-8FDC-42A3-9474-1A3956D46DE8}") = ".nuget", ".nuget", "{A3DBE7AE-A700-4A6D-805B-1F21A9827C99}"
	ProjectSection(SolutionItems) = preProject
		.nuget\NuGet.Config = .nuget\NuGet.Config
		.nuget\NuGet.exe = .nuget\NuGet.exe
		.nuget\NuGet.targets = .nuget\NuGet.targets
	EndProjectSection
EndProject
Global
	GlobalSection(SolutionConfigurationPlatforms) = preSolution
		Debug|Any CPU = Debug|Any CPU
		Debug|ARM = Debug|ARM
		Debug|x64 = Debug|x64
		Debug|x86 = Debug|x86
		Release|Any CPU = Release|Any CPU
		Release|ARM = Release|ARM
		Release|x64 = Release|x64
		Release|x86 = Release|x86
	EndGlobalSection
	GlobalSection(ProjectConfigurationPlatforms) = postSolution
		{7EC89818-57BE-4B54-8B69-38E7C7E8470E}.Debug|Any CPU.ActiveCfg = Debug|Any CPU
		{7EC89818-57BE-4B54-8B69-38E7C7E8470E}.Debug|Any CPU.Build.0 = Debug|Any CPU
		{7EC89818-57BE-4B54-8B69-38E7C7E8470E}.Debug|Any CPU.Deploy.0 = Debug|Any CPU
		{7EC89818-57BE-4B54-8B69-38E7C7E8470E}.Debug|ARM.ActiveCfg = Debug|ARM
		{7EC89818-57BE-4B54-8B69-38E7C7E8470E}.Debug|ARM.Build.0 = Debug|ARM
		{7EC89818-57BE-4B54-8B69-38E7C7E8470E}.Debug|ARM.Deploy.0 = Debug|ARM
		{7EC89818-57BE-4B54-8B69-38E7C7E8470E}.Debug|x64.ActiveCfg = Debug|x64
		{7EC89818-57BE-4B54-8B69-38E7C7E8470E}.Debug|x64.Build.0 = Debug|x64
		{7EC89818-57BE-4B54-8B69-38E7C7E8470E}.Debug|x64.Deploy.0 = Debug|x64
		{7EC89818-57BE-4B54-8B69-38E7C7E8470E}.Debug|x86.ActiveCfg = Debug|x86
		{7EC89818-57BE-4B54-8B69-38E7C7E8470E}.Debug|x86.Build.0 = Debug|x86
		{7EC89818-57BE-4B54-8B69-38E7C7E8470E}.Debug|x86.Deploy.0 = Debug|x86
		{7EC89818-57BE-4B54-8B69-38E7C7E8470E}.Release|Any CPU.ActiveCfg = Release|Any CPU
		{7EC89818-57BE-4B54-8B69-38E7C7E8470E}.Release|Any CPU.Build.0 = Release|Any CPU
		{7EC89818-57BE-4B54-8B69-38E7C7E8470E}.Release|Any CPU.Deploy.0 = Release|Any CPU
		{7EC89818-57BE-4B54-8B69-38E7C7E8470E}.Release|ARM.ActiveCfg = Release|ARM
		{7EC89818-57BE-4B54-8B69-38E7C7E8470E}.Release|ARM.Build.0 = Release|ARM
		{7EC89818-57BE-4B54-8B69-38E7C7E8470E}.Release|ARM.Deploy.0 = Release|ARM
		{7EC89818-57BE-4B54-8B69-38E7C7E8470E}.Release|x64.ActiveCfg = Release|x64
		{7EC89818-57BE-4B54-8B69-38E7C7E8470E}.Release|x64.Build.0 = Release|x64
		{7EC89818-57BE-4B54-8B69-38E7C7E8470E}.Release|x64.Deploy.0 = Release|x64
		{7EC89818-57BE-4B54-8B69-38E7C7E8470E}.Release|x86.ActiveCfg = Release|x86
		{7EC89818-57BE-4B54-8B69-38E7C7E8470E}.Release|x86.Build.0 = Release|x86
		{7EC89818-57BE-4B54-8B69-38E7C7E8470E}.Release|x86.Deploy.0 = Release|x86
		{0F188FC9-D10C-48DB-917A-FF1CB9C8E795}.Debug|Any CPU.ActiveCfg = Debug|Any CPU
		{0F188FC9-D10C-48DB-917A-FF1CB9C8E795}.Debug|Any CPU.Build.0 = Debug|Any CPU
		{0F188FC9-D10C-48DB-917A-FF1CB9C8E795}.Debug|ARM.ActiveCfg = Debug|Any CPU
		{0F188FC9-D10C-48DB-917A-FF1CB9C8E795}.Debug|x64.ActiveCfg = Debug|Any CPU
		{0F188FC9-D10C-48DB-917A-FF1CB9C8E795}.Debug|x86.ActiveCfg = Debug|Any CPU
		{0F188FC9-D10C-48DB-917A-FF1CB9C8E795}.Release|Any CPU.ActiveCfg = Release|Any CPU
		{0F188FC9-D10C-48DB-917A-FF1CB9C8E795}.Release|Any CPU.Build.0 = Release|Any CPU
		{0F188FC9-D10C-48DB-917A-FF1CB9C8E795}.Release|ARM.ActiveCfg = Release|Any CPU
		{0F188FC9-D10C-48DB-917A-FF1CB9C8E795}.Release|x64.ActiveCfg = Release|Any CPU
		{0F188FC9-D10C-48DB-917A-FF1CB9C8E795}.Release|x86.ActiveCfg = Release|Any CPU
		{D326F8C2-8DCF-43D4-9BAD-BC07CA6D6CCE}.Debug|Any CPU.ActiveCfg = Debug|Any CPU
		{D326F8C2-8DCF-43D4-9BAD-BC07CA6D6CCE}.Debug|Any CPU.Build.0 = Debug|Any CPU
		{D326F8C2-8DCF-43D4-9BAD-BC07CA6D6CCE}.Debug|ARM.ActiveCfg = Debug|Any CPU
		{D326F8C2-8DCF-43D4-9BAD-BC07CA6D6CCE}.Debug|x64.ActiveCfg = Debug|Any CPU
		{D326F8C2-8DCF-43D4-9BAD-BC07CA6D6CCE}.Debug|x86.ActiveCfg = Debug|Any CPU
		{D326F8C2-8DCF-43D4-9BAD-BC07CA6D6CCE}.Release|Any CPU.ActiveCfg = Release|Any CPU
		{D326F8C2-8DCF-43D4-9BAD-BC07CA6D6CCE}.Release|Any CPU.Build.0 = Release|Any CPU
		{D326F8C2-8DCF-43D4-9BAD-BC07CA6D6CCE}.Release|ARM.ActiveCfg = Release|Any CPU
		{D326F8C2-8DCF-43D4-9BAD-BC07CA6D6CCE}.Release|x64.ActiveCfg = Release|Any CPU
		{D326F8C2-8DCF-43D4-9BAD-BC07CA6D6CCE}.Release|x86.ActiveCfg = Release|Any CPU
		{E69950F6-0A2E-4481-ADCF-839301969B3E}.Debug|Any CPU.ActiveCfg = Debug|Any CPU
		{E69950F6-0A2E-4481-ADCF-839301969B3E}.Debug|Any CPU.Build.0 = Debug|Any CPU
		{E69950F6-0A2E-4481-ADCF-839301969B3E}.Debug|ARM.ActiveCfg = Debug|ARM
		{E69950F6-0A2E-4481-ADCF-839301969B3E}.Debug|ARM.Build.0 = Debug|ARM
		{E69950F6-0A2E-4481-ADCF-839301969B3E}.Debug|x64.ActiveCfg = Debug|x64
		{E69950F6-0A2E-4481-ADCF-839301969B3E}.Debug|x64.Build.0 = Debug|x64
		{E69950F6-0A2E-4481-ADCF-839301969B3E}.Debug|x86.ActiveCfg = Debug|x86
		{E69950F6-0A2E-4481-ADCF-839301969B3E}.Debug|x86.Build.0 = Debug|x86
		{E69950F6-0A2E-4481-ADCF-839301969B3E}.Release|Any CPU.ActiveCfg = Release|Any CPU
		{E69950F6-0A2E-4481-ADCF-839301969B3E}.Release|Any CPU.Build.0 = Release|Any CPU
		{E69950F6-0A2E-4481-ADCF-839301969B3E}.Release|ARM.ActiveCfg = Release|ARM
		{E69950F6-0A2E-4481-ADCF-839301969B3E}.Release|ARM.Build.0 = Release|ARM
		{E69950F6-0A2E-4481-ADCF-839301969B3E}.Release|x64.ActiveCfg = Release|x64
		{E69950F6-0A2E-4481-ADCF-839301969B3E}.Release|x64.Build.0 = Release|x64
		{E69950F6-0A2E-4481-ADCF-839301969B3E}.Release|x86.ActiveCfg = Release|x86
		{E69950F6-0A2E-4481-ADCF-839301969B3E}.Release|x86.Build.0 = Release|x86
		{0A9019E4-E76F-4FAC-A5C7-70F32CF5E2C1}.Debug|Any CPU.ActiveCfg = Debug|Any CPU
		{0A9019E4-E76F-4FAC-A5C7-70F32CF5E2C1}.Debug|Any CPU.Build.0 = Debug|Any CPU
		{0A9019E4-E76F-4FAC-A5C7-70F32CF5E2C1}.Debug|ARM.ActiveCfg = Debug|Any CPU
		{0A9019E4-E76F-4FAC-A5C7-70F32CF5E2C1}.Debug|x64.ActiveCfg = Debug|Any CPU
		{0A9019E4-E76F-4FAC-A5C7-70F32CF5E2C1}.Debug|x86.ActiveCfg = Debug|Any CPU
		{0A9019E4-E76F-4FAC-A5C7-70F32CF5E2C1}.Release|Any CPU.ActiveCfg = Release|Any CPU
		{0A9019E4-E76F-4FAC-A5C7-70F32CF5E2C1}.Release|Any CPU.Build.0 = Release|Any CPU
		{0A9019E4-E76F-4FAC-A5C7-70F32CF5E2C1}.Release|ARM.ActiveCfg = Release|Any CPU
		{0A9019E4-E76F-4FAC-A5C7-70F32CF5E2C1}.Release|x64.ActiveCfg = Release|Any CPU
		{0A9019E4-E76F-4FAC-A5C7-70F32CF5E2C1}.Release|x86.ActiveCfg = Release|Any CPU
		{75F2F4B1-BEB2-4AC6-A935-5A795C5A79A0}.Debug|Any CPU.ActiveCfg = Debug|Any CPU
		{75F2F4B1-BEB2-4AC6-A935-5A795C5A79A0}.Debug|Any CPU.Build.0 = Debug|Any CPU
		{75F2F4B1-BEB2-4AC6-A935-5A795C5A79A0}.Debug|ARM.ActiveCfg = Debug|Any CPU
		{75F2F4B1-BEB2-4AC6-A935-5A795C5A79A0}.Debug|x64.ActiveCfg = Debug|Any CPU
		{75F2F4B1-BEB2-4AC6-A935-5A795C5A79A0}.Debug|x86.ActiveCfg = Debug|Any CPU
		{75F2F4B1-BEB2-4AC6-A935-5A795C5A79A0}.Release|Any CPU.ActiveCfg = Release|Any CPU
		{75F2F4B1-BEB2-4AC6-A935-5A795C5A79A0}.Release|Any CPU.Build.0 = Release|Any CPU
		{75F2F4B1-BEB2-4AC6-A935-5A795C5A79A0}.Release|ARM.ActiveCfg = Release|Any CPU
		{75F2F4B1-BEB2-4AC6-A935-5A795C5A79A0}.Release|x64.ActiveCfg = Release|Any CPU
		{75F2F4B1-BEB2-4AC6-A935-5A795C5A79A0}.Release|x86.ActiveCfg = Release|Any CPU
		{02F3363F-7B0F-4C5F-9123-B388F2870C35}.Debug|Any CPU.ActiveCfg = Debug|Any CPU
		{02F3363F-7B0F-4C5F-9123-B388F2870C35}.Debug|Any CPU.Build.0 = Debug|Any CPU
		{02F3363F-7B0F-4C5F-9123-B388F2870C35}.Debug|ARM.ActiveCfg = Debug|Any CPU
		{02F3363F-7B0F-4C5F-9123-B388F2870C35}.Debug|x64.ActiveCfg = Debug|Any CPU
		{02F3363F-7B0F-4C5F-9123-B388F2870C35}.Debug|x86.ActiveCfg = Debug|Any CPU
		{02F3363F-7B0F-4C5F-9123-B388F2870C35}.Release|Any CPU.ActiveCfg = Release|Any CPU
		{02F3363F-7B0F-4C5F-9123-B388F2870C35}.Release|Any CPU.Build.0 = Release|Any CPU
		{02F3363F-7B0F-4C5F-9123-B388F2870C35}.Release|ARM.ActiveCfg = Release|Any CPU
		{02F3363F-7B0F-4C5F-9123-B388F2870C35}.Release|x64.ActiveCfg = Release|Any CPU
		{02F3363F-7B0F-4C5F-9123-B388F2870C35}.Release|x86.ActiveCfg = Release|Any CPU
		{2B4D1AF0-8C77-475D-8D14-DB7B506F9450}.Debug|Any CPU.ActiveCfg = Debug|Any CPU
		{2B4D1AF0-8C77-475D-8D14-DB7B506F9450}.Debug|Any CPU.Build.0 = Debug|Any CPU
		{2B4D1AF0-8C77-475D-8D14-DB7B506F9450}.Debug|ARM.ActiveCfg = Debug|Any CPU
		{2B4D1AF0-8C77-475D-8D14-DB7B506F9450}.Debug|x64.ActiveCfg = Debug|Any CPU
		{2B4D1AF0-8C77-475D-8D14-DB7B506F9450}.Debug|x86.ActiveCfg = Debug|Any CPU
		{2B4D1AF0-8C77-475D-8D14-DB7B506F9450}.Release|Any CPU.ActiveCfg = Release|Any CPU
		{2B4D1AF0-8C77-475D-8D14-DB7B506F9450}.Release|Any CPU.Build.0 = Release|Any CPU
		{2B4D1AF0-8C77-475D-8D14-DB7B506F9450}.Release|ARM.ActiveCfg = Release|Any CPU
		{2B4D1AF0-8C77-475D-8D14-DB7B506F9450}.Release|x64.ActiveCfg = Release|Any CPU
		{2B4D1AF0-8C77-475D-8D14-DB7B506F9450}.Release|x86.ActiveCfg = Release|Any CPU
		{D727F239-EE96-4B05-8F17-65871B52B260}.Debug|Any CPU.ActiveCfg = Debug|Any CPU
		{D727F239-EE96-4B05-8F17-65871B52B260}.Debug|Any CPU.Build.0 = Debug|Any CPU
		{D727F239-EE96-4B05-8F17-65871B52B260}.Debug|ARM.ActiveCfg = Debug|Any CPU
		{D727F239-EE96-4B05-8F17-65871B52B260}.Debug|x64.ActiveCfg = Debug|Any CPU
		{D727F239-EE96-4B05-8F17-65871B52B260}.Debug|x86.ActiveCfg = Debug|Any CPU
		{D727F239-EE96-4B05-8F17-65871B52B260}.Release|Any CPU.ActiveCfg = Release|Any CPU
		{D727F239-EE96-4B05-8F17-65871B52B260}.Release|Any CPU.Build.0 = Release|Any CPU
		{D727F239-EE96-4B05-8F17-65871B52B260}.Release|ARM.ActiveCfg = Release|Any CPU
		{D727F239-EE96-4B05-8F17-65871B52B260}.Release|x64.ActiveCfg = Release|Any CPU
		{D727F239-EE96-4B05-8F17-65871B52B260}.Release|x86.ActiveCfg = Release|Any CPU
		{6FA5AC47-653A-4634-8BCA-CF68BA33F884}.Debug|Any CPU.ActiveCfg = Debug|Any CPU
		{6FA5AC47-653A-4634-8BCA-CF68BA33F884}.Debug|Any CPU.Build.0 = Debug|Any CPU
		{6FA5AC47-653A-4634-8BCA-CF68BA33F884}.Debug|ARM.ActiveCfg = Debug|Any CPU
		{6FA5AC47-653A-4634-8BCA-CF68BA33F884}.Debug|x64.ActiveCfg = Debug|Any CPU
		{6FA5AC47-653A-4634-8BCA-CF68BA33F884}.Debug|x86.ActiveCfg = Debug|Any CPU
		{6FA5AC47-653A-4634-8BCA-CF68BA33F884}.Release|Any CPU.ActiveCfg = Release|Any CPU
		{6FA5AC47-653A-4634-8BCA-CF68BA33F884}.Release|Any CPU.Build.0 = Release|Any CPU
		{6FA5AC47-653A-4634-8BCA-CF68BA33F884}.Release|ARM.ActiveCfg = Release|Any CPU
		{6FA5AC47-653A-4634-8BCA-CF68BA33F884}.Release|x64.ActiveCfg = Release|Any CPU
		{6FA5AC47-653A-4634-8BCA-CF68BA33F884}.Release|x86.ActiveCfg = Release|Any CPU
		{CCE98720-6054-4EF8-BA8C-14821B35EC1D}.Debug|Any CPU.ActiveCfg = Debug|Any CPU
		{CCE98720-6054-4EF8-BA8C-14821B35EC1D}.Debug|Any CPU.Build.0 = Debug|Any CPU
		{CCE98720-6054-4EF8-BA8C-14821B35EC1D}.Debug|ARM.ActiveCfg = Debug|Any CPU
		{CCE98720-6054-4EF8-BA8C-14821B35EC1D}.Debug|x64.ActiveCfg = Debug|Any CPU
		{CCE98720-6054-4EF8-BA8C-14821B35EC1D}.Debug|x86.ActiveCfg = Debug|Any CPU
		{CCE98720-6054-4EF8-BA8C-14821B35EC1D}.Release|Any CPU.ActiveCfg = Release|Any CPU
		{CCE98720-6054-4EF8-BA8C-14821B35EC1D}.Release|Any CPU.Build.0 = Release|Any CPU
		{CCE98720-6054-4EF8-BA8C-14821B35EC1D}.Release|ARM.ActiveCfg = Release|Any CPU
		{CCE98720-6054-4EF8-BA8C-14821B35EC1D}.Release|x64.ActiveCfg = Release|Any CPU
		{CCE98720-6054-4EF8-BA8C-14821B35EC1D}.Release|x86.ActiveCfg = Release|Any CPU
		{FC776CA4-35B3-4024-8667-CB265805A519}.Debug|Any CPU.ActiveCfg = Debug|Any CPU
		{FC776CA4-35B3-4024-8667-CB265805A519}.Debug|Any CPU.Build.0 = Debug|Any CPU
		{FC776CA4-35B3-4024-8667-CB265805A519}.Debug|ARM.ActiveCfg = Debug|Any CPU
		{FC776CA4-35B3-4024-8667-CB265805A519}.Debug|x64.ActiveCfg = Debug|Any CPU
		{FC776CA4-35B3-4024-8667-CB265805A519}.Debug|x86.ActiveCfg = Debug|Any CPU
		{FC776CA4-35B3-4024-8667-CB265805A519}.Release|Any CPU.ActiveCfg = Release|Any CPU
		{FC776CA4-35B3-4024-8667-CB265805A519}.Release|Any CPU.Build.0 = Release|Any CPU
		{FC776CA4-35B3-4024-8667-CB265805A519}.Release|ARM.ActiveCfg = Release|Any CPU
		{FC776CA4-35B3-4024-8667-CB265805A519}.Release|x64.ActiveCfg = Release|Any CPU
		{FC776CA4-35B3-4024-8667-CB265805A519}.Release|x86.ActiveCfg = Release|Any CPU
		{40DD10DB-45AE-41AC-91B0-99FE84280A88}.Debug|Any CPU.ActiveCfg = Debug|Any CPU
		{40DD10DB-45AE-41AC-91B0-99FE84280A88}.Debug|Any CPU.Build.0 = Debug|Any CPU
		{40DD10DB-45AE-41AC-91B0-99FE84280A88}.Debug|ARM.ActiveCfg = Debug|ARM
		{40DD10DB-45AE-41AC-91B0-99FE84280A88}.Debug|ARM.Build.0 = Debug|ARM
		{40DD10DB-45AE-41AC-91B0-99FE84280A88}.Debug|x64.ActiveCfg = Debug|x64
		{40DD10DB-45AE-41AC-91B0-99FE84280A88}.Debug|x64.Build.0 = Debug|x64
		{40DD10DB-45AE-41AC-91B0-99FE84280A88}.Debug|x86.ActiveCfg = Debug|x86
		{40DD10DB-45AE-41AC-91B0-99FE84280A88}.Debug|x86.Build.0 = Debug|x86
		{40DD10DB-45AE-41AC-91B0-99FE84280A88}.Release|Any CPU.ActiveCfg = Release|Any CPU
		{40DD10DB-45AE-41AC-91B0-99FE84280A88}.Release|Any CPU.Build.0 = Release|Any CPU
		{40DD10DB-45AE-41AC-91B0-99FE84280A88}.Release|ARM.ActiveCfg = Release|ARM
		{40DD10DB-45AE-41AC-91B0-99FE84280A88}.Release|ARM.Build.0 = Release|ARM
		{40DD10DB-45AE-41AC-91B0-99FE84280A88}.Release|x64.ActiveCfg = Release|x64
		{40DD10DB-45AE-41AC-91B0-99FE84280A88}.Release|x64.Build.0 = Release|x64
		{40DD10DB-45AE-41AC-91B0-99FE84280A88}.Release|x86.ActiveCfg = Release|x86
		{40DD10DB-45AE-41AC-91B0-99FE84280A88}.Release|x86.Build.0 = Release|x86
		{E93C1441-A175-4D76-9E97-092E9C621E55}.Debug|Any CPU.ActiveCfg = Debug|Any CPU
		{E93C1441-A175-4D76-9E97-092E9C621E55}.Debug|Any CPU.Build.0 = Debug|Any CPU
		{E93C1441-A175-4D76-9E97-092E9C621E55}.Debug|ARM.ActiveCfg = Debug|Any CPU
		{E93C1441-A175-4D76-9E97-092E9C621E55}.Debug|x64.ActiveCfg = Debug|Any CPU
		{E93C1441-A175-4D76-9E97-092E9C621E55}.Debug|x86.ActiveCfg = Debug|Any CPU
		{E93C1441-A175-4D76-9E97-092E9C621E55}.Release|Any CPU.ActiveCfg = Release|Any CPU
		{E93C1441-A175-4D76-9E97-092E9C621E55}.Release|Any CPU.Build.0 = Release|Any CPU
		{E93C1441-A175-4D76-9E97-092E9C621E55}.Release|ARM.ActiveCfg = Release|Any CPU
		{E93C1441-A175-4D76-9E97-092E9C621E55}.Release|x64.ActiveCfg = Release|Any CPU
		{E93C1441-A175-4D76-9E97-092E9C621E55}.Release|x86.ActiveCfg = Release|Any CPU
		{8162E82C-C141-4A69-90EF-4A2593A374DF}.Debug|Any CPU.ActiveCfg = Debug|Any CPU
		{8162E82C-C141-4A69-90EF-4A2593A374DF}.Debug|Any CPU.Build.0 = Debug|Any CPU
		{8162E82C-C141-4A69-90EF-4A2593A374DF}.Debug|ARM.ActiveCfg = Debug|Any CPU
		{8162E82C-C141-4A69-90EF-4A2593A374DF}.Debug|x64.ActiveCfg = Debug|Any CPU
		{8162E82C-C141-4A69-90EF-4A2593A374DF}.Debug|x86.ActiveCfg = Debug|Any CPU
		{8162E82C-C141-4A69-90EF-4A2593A374DF}.Release|Any CPU.ActiveCfg = Release|Any CPU
		{8162E82C-C141-4A69-90EF-4A2593A374DF}.Release|Any CPU.Build.0 = Release|Any CPU
		{8162E82C-C141-4A69-90EF-4A2593A374DF}.Release|ARM.ActiveCfg = Release|Any CPU
		{8162E82C-C141-4A69-90EF-4A2593A374DF}.Release|x64.ActiveCfg = Release|Any CPU
		{8162E82C-C141-4A69-90EF-4A2593A374DF}.Release|x86.ActiveCfg = Release|Any CPU
		{3BD5FAB6-6843-4DAD-8846-2033AAF03FD7}.Debug|Any CPU.ActiveCfg = Debug|Any CPU
		{3BD5FAB6-6843-4DAD-8846-2033AAF03FD7}.Debug|Any CPU.Build.0 = Debug|Any CPU
		{3BD5FAB6-6843-4DAD-8846-2033AAF03FD7}.Debug|ARM.ActiveCfg = Debug|Any CPU
		{3BD5FAB6-6843-4DAD-8846-2033AAF03FD7}.Debug|x64.ActiveCfg = Debug|Any CPU
		{3BD5FAB6-6843-4DAD-8846-2033AAF03FD7}.Debug|x86.ActiveCfg = Debug|Any CPU
		{3BD5FAB6-6843-4DAD-8846-2033AAF03FD7}.Release|Any CPU.ActiveCfg = Release|Any CPU
		{3BD5FAB6-6843-4DAD-8846-2033AAF03FD7}.Release|Any CPU.Build.0 = Release|Any CPU
		{3BD5FAB6-6843-4DAD-8846-2033AAF03FD7}.Release|ARM.ActiveCfg = Release|Any CPU
		{3BD5FAB6-6843-4DAD-8846-2033AAF03FD7}.Release|x64.ActiveCfg = Release|Any CPU
		{3BD5FAB6-6843-4DAD-8846-2033AAF03FD7}.Release|x86.ActiveCfg = Release|Any CPU
		{42E619BA-2842-44A7-94D4-4B1485C7136B}.Debug|Any CPU.ActiveCfg = Debug|Any CPU
		{42E619BA-2842-44A7-94D4-4B1485C7136B}.Debug|Any CPU.Build.0 = Debug|Any CPU
		{42E619BA-2842-44A7-94D4-4B1485C7136B}.Debug|ARM.ActiveCfg = Debug|Any CPU
		{42E619BA-2842-44A7-94D4-4B1485C7136B}.Debug|x64.ActiveCfg = Debug|Any CPU
		{42E619BA-2842-44A7-94D4-4B1485C7136B}.Debug|x86.ActiveCfg = Debug|Any CPU
		{42E619BA-2842-44A7-94D4-4B1485C7136B}.Release|Any CPU.ActiveCfg = Release|Any CPU
		{42E619BA-2842-44A7-94D4-4B1485C7136B}.Release|Any CPU.Build.0 = Release|Any CPU
		{42E619BA-2842-44A7-94D4-4B1485C7136B}.Release|ARM.ActiveCfg = Release|Any CPU
		{42E619BA-2842-44A7-94D4-4B1485C7136B}.Release|x64.ActiveCfg = Release|Any CPU
		{42E619BA-2842-44A7-94D4-4B1485C7136B}.Release|x86.ActiveCfg = Release|Any CPU
		{620200B1-17F4-4C5A-A301-CA9AED702806}.Debug|Any CPU.ActiveCfg = Debug|Any CPU
		{620200B1-17F4-4C5A-A301-CA9AED702806}.Debug|Any CPU.Build.0 = Debug|Any CPU
		{620200B1-17F4-4C5A-A301-CA9AED702806}.Debug|ARM.ActiveCfg = Debug|Any CPU
		{620200B1-17F4-4C5A-A301-CA9AED702806}.Debug|x64.ActiveCfg = Debug|Any CPU
		{620200B1-17F4-4C5A-A301-CA9AED702806}.Debug|x86.ActiveCfg = Debug|Any CPU
		{620200B1-17F4-4C5A-A301-CA9AED702806}.Release|Any CPU.ActiveCfg = Release|Any CPU
		{620200B1-17F4-4C5A-A301-CA9AED702806}.Release|Any CPU.Build.0 = Release|Any CPU
		{620200B1-17F4-4C5A-A301-CA9AED702806}.Release|ARM.ActiveCfg = Release|Any CPU
		{620200B1-17F4-4C5A-A301-CA9AED702806}.Release|x64.ActiveCfg = Release|Any CPU
		{620200B1-17F4-4C5A-A301-CA9AED702806}.Release|x86.ActiveCfg = Release|Any CPU
		{588B02FC-6BB9-49AE-8ECE-2A4BAC9B470B}.Debug|Any CPU.ActiveCfg = Debug|Any CPU
		{588B02FC-6BB9-49AE-8ECE-2A4BAC9B470B}.Debug|Any CPU.Build.0 = Debug|Any CPU
		{588B02FC-6BB9-49AE-8ECE-2A4BAC9B470B}.Debug|ARM.ActiveCfg = Debug|Any CPU
		{588B02FC-6BB9-49AE-8ECE-2A4BAC9B470B}.Debug|x64.ActiveCfg = Debug|Any CPU
		{588B02FC-6BB9-49AE-8ECE-2A4BAC9B470B}.Debug|x86.ActiveCfg = Debug|Any CPU
		{588B02FC-6BB9-49AE-8ECE-2A4BAC9B470B}.Release|Any CPU.ActiveCfg = Release|Any CPU
		{588B02FC-6BB9-49AE-8ECE-2A4BAC9B470B}.Release|Any CPU.Build.0 = Release|Any CPU
		{588B02FC-6BB9-49AE-8ECE-2A4BAC9B470B}.Release|ARM.ActiveCfg = Release|Any CPU
		{588B02FC-6BB9-49AE-8ECE-2A4BAC9B470B}.Release|x64.ActiveCfg = Release|Any CPU
		{588B02FC-6BB9-49AE-8ECE-2A4BAC9B470B}.Release|x86.ActiveCfg = Release|Any CPU
		{C323425E-3A4B-4A22-9CE5-ACF8D7124897}.Debug|Any CPU.ActiveCfg = Debug|Any CPU
		{C323425E-3A4B-4A22-9CE5-ACF8D7124897}.Debug|Any CPU.Build.0 = Debug|Any CPU
		{C323425E-3A4B-4A22-9CE5-ACF8D7124897}.Debug|ARM.ActiveCfg = Debug|Any CPU
		{C323425E-3A4B-4A22-9CE5-ACF8D7124897}.Debug|x64.ActiveCfg = Debug|Any CPU
		{C323425E-3A4B-4A22-9CE5-ACF8D7124897}.Debug|x86.ActiveCfg = Debug|Any CPU
		{C323425E-3A4B-4A22-9CE5-ACF8D7124897}.Release|Any CPU.ActiveCfg = Release|Any CPU
		{C323425E-3A4B-4A22-9CE5-ACF8D7124897}.Release|Any CPU.Build.0 = Release|Any CPU
		{C323425E-3A4B-4A22-9CE5-ACF8D7124897}.Release|ARM.ActiveCfg = Release|Any CPU
		{C323425E-3A4B-4A22-9CE5-ACF8D7124897}.Release|x64.ActiveCfg = Release|Any CPU
		{C323425E-3A4B-4A22-9CE5-ACF8D7124897}.Release|x86.ActiveCfg = Release|Any CPU
		{7B342C99-3758-4FA0-BE6E-576F07286DF7}.Debug|Any CPU.ActiveCfg = Debug|Any CPU
		{7B342C99-3758-4FA0-BE6E-576F07286DF7}.Debug|Any CPU.Build.0 = Debug|Any CPU
		{7B342C99-3758-4FA0-BE6E-576F07286DF7}.Debug|ARM.ActiveCfg = Debug|Any CPU
		{7B342C99-3758-4FA0-BE6E-576F07286DF7}.Debug|x64.ActiveCfg = Debug|Any CPU
		{7B342C99-3758-4FA0-BE6E-576F07286DF7}.Debug|x86.ActiveCfg = Debug|Any CPU
		{7B342C99-3758-4FA0-BE6E-576F07286DF7}.Release|Any CPU.ActiveCfg = Release|Any CPU
		{7B342C99-3758-4FA0-BE6E-576F07286DF7}.Release|Any CPU.Build.0 = Release|Any CPU
		{7B342C99-3758-4FA0-BE6E-576F07286DF7}.Release|ARM.ActiveCfg = Release|Any CPU
		{7B342C99-3758-4FA0-BE6E-576F07286DF7}.Release|x64.ActiveCfg = Release|Any CPU
		{7B342C99-3758-4FA0-BE6E-576F07286DF7}.Release|x86.ActiveCfg = Release|Any CPU
		{76361B4A-F393-409D-BDD8-3CDA0CC5D118}.Debug|Any CPU.ActiveCfg = Debug|Any CPU
		{76361B4A-F393-409D-BDD8-3CDA0CC5D118}.Debug|Any CPU.Build.0 = Debug|Any CPU
		{76361B4A-F393-409D-BDD8-3CDA0CC5D118}.Debug|ARM.ActiveCfg = Debug|ARM
		{76361B4A-F393-409D-BDD8-3CDA0CC5D118}.Debug|ARM.Build.0 = Debug|ARM
		{76361B4A-F393-409D-BDD8-3CDA0CC5D118}.Debug|x64.ActiveCfg = Debug|x64
		{76361B4A-F393-409D-BDD8-3CDA0CC5D118}.Debug|x64.Build.0 = Debug|x64
		{76361B4A-F393-409D-BDD8-3CDA0CC5D118}.Debug|x86.ActiveCfg = Debug|x86
		{76361B4A-F393-409D-BDD8-3CDA0CC5D118}.Debug|x86.Build.0 = Debug|x86
		{76361B4A-F393-409D-BDD8-3CDA0CC5D118}.Release|Any CPU.ActiveCfg = Release|Any CPU
		{76361B4A-F393-409D-BDD8-3CDA0CC5D118}.Release|Any CPU.Build.0 = Release|Any CPU
		{76361B4A-F393-409D-BDD8-3CDA0CC5D118}.Release|ARM.ActiveCfg = Release|ARM
		{76361B4A-F393-409D-BDD8-3CDA0CC5D118}.Release|ARM.Build.0 = Release|ARM
		{76361B4A-F393-409D-BDD8-3CDA0CC5D118}.Release|x64.ActiveCfg = Release|x64
		{76361B4A-F393-409D-BDD8-3CDA0CC5D118}.Release|x64.Build.0 = Release|x64
		{76361B4A-F393-409D-BDD8-3CDA0CC5D118}.Release|x86.ActiveCfg = Release|x86
		{76361B4A-F393-409D-BDD8-3CDA0CC5D118}.Release|x86.Build.0 = Release|x86
	EndGlobalSection
	GlobalSection(SolutionProperties) = preSolution
		HideSolutionNode = FALSE
	EndGlobalSection
	GlobalSection(NestedProjects) = preSolution
		{D326F8C2-8DCF-43D4-9BAD-BC07CA6D6CCE} = {9BE6AEB5-8BBE-4626-937F-70827254E440}
		{0F188FC9-D10C-48DB-917A-FF1CB9C8E795} = {9BE6AEB5-8BBE-4626-937F-70827254E440}
		{1D25790F-8753-4688-BEED-A00939942FBF} = {9BE6AEB5-8BBE-4626-937F-70827254E440}
		{40DD10DB-45AE-41AC-91B0-99FE84280A88} = {9BE6AEB5-8BBE-4626-937F-70827254E440}
		{588B02FC-6BB9-49AE-8ECE-2A4BAC9B470B} = {9BE6AEB5-8BBE-4626-937F-70827254E440}
		{76361B4A-F393-409D-BDD8-3CDA0CC5D118} = {9BE6AEB5-8BBE-4626-937F-70827254E440}
		{E93C1441-A175-4D76-9E97-092E9C621E55} = {A962945C-D6F6-442E-8195-929C93F78E22}
		{8162E82C-C141-4A69-90EF-4A2593A374DF} = {A962945C-D6F6-442E-8195-929C93F78E22}
		{C323425E-3A4B-4A22-9CE5-ACF8D7124897} = {A962945C-D6F6-442E-8195-929C93F78E22}
		{7B342C99-3758-4FA0-BE6E-576F07286DF7} = {A962945C-D6F6-442E-8195-929C93F78E22}
		{A15109C9-4A41-4B57-A7EC-0772C4AC6EE4} = {1D25790F-8753-4688-BEED-A00939942FBF}
		{5AC2BF2A-504E-4872-BA9E-D7DF966118A4} = {1D25790F-8753-4688-BEED-A00939942FBF}
		{C058F678-20B0-47ED-B39F-FA4D3CE305B3} = {1D25790F-8753-4688-BEED-A00939942FBF}
		{DC04916F-B6E4-4405-99E9-7F5C6E3E2762} = {1D25790F-8753-4688-BEED-A00939942FBF}
		{E69950F6-0A2E-4481-ADCF-839301969B3E} = {A15109C9-4A41-4B57-A7EC-0772C4AC6EE4}
		{0A9019E4-E76F-4FAC-A5C7-70F32CF5E2C1} = {A15109C9-4A41-4B57-A7EC-0772C4AC6EE4}
		{FC776CA4-35B3-4024-8667-CB265805A519} = {A15109C9-4A41-4B57-A7EC-0772C4AC6EE4}
		{02F3363F-7B0F-4C5F-9123-B388F2870C35} = {5AC2BF2A-504E-4872-BA9E-D7DF966118A4}
		{75F2F4B1-BEB2-4AC6-A935-5A795C5A79A0} = {5AC2BF2A-504E-4872-BA9E-D7DF966118A4}
		{3BD5FAB6-6843-4DAD-8846-2033AAF03FD7} = {5AC2BF2A-504E-4872-BA9E-D7DF966118A4}
		{D727F239-EE96-4B05-8F17-65871B52B260} = {C058F678-20B0-47ED-B39F-FA4D3CE305B3}
		{2B4D1AF0-8C77-475D-8D14-DB7B506F9450} = {C058F678-20B0-47ED-B39F-FA4D3CE305B3}
		{620200B1-17F4-4C5A-A301-CA9AED702806} = {C058F678-20B0-47ED-B39F-FA4D3CE305B3}
		{6FA5AC47-653A-4634-8BCA-CF68BA33F884} = {DC04916F-B6E4-4405-99E9-7F5C6E3E2762}
		{CCE98720-6054-4EF8-BA8C-14821B35EC1D} = {DC04916F-B6E4-4405-99E9-7F5C6E3E2762}
		{42E619BA-2842-44A7-94D4-4B1485C7136B} = {DC04916F-B6E4-4405-99E9-7F5C6E3E2762}
	EndGlobalSection
EndGlobal
