
Microsoft Visual Studio Solution File, Format Version 12.00
# Visual Studio 2012
Project("{FAE04EC0-301F-11D3-BF4B-00C04F79EFBC}") = "Weave", "Weave\Weave.csproj", "{7EC89818-57BE-4B54-8B69-38E7C7E8470E}"
EndProject
Project("{FAE04EC0-301F-11D3-BF4B-00C04F79EFBC}") = "Weave.UserFeedAggregator.Contracts", "..\..\Weave.Portable\Weave.UserFeedAggregator.Contracts\Weave.UserFeedAggregator.Contracts.csproj", "{02F3363F-7B0F-4C5F-9123-B388F2870C35}"
EndProject
Project("{FAE04EC0-301F-11D3-BF4B-00C04F79EFBC}") = "Weave.UserFeedAggregator.DTOs", "..\..\Weave.Portable\Weave.UserFeedAggregator.DTOs\Weave.UserFeedAggregator.DTOs.csproj", "{75F2F4B1-BEB2-4AC6-A935-5A795C5A79A0}"
EndProject
Project("{FAE04EC0-301F-11D3-BF4B-00C04F79EFBC}") = "Weave.ViewModels", "..\..\Weave.Portable\Weave.ViewModels\Weave.ViewModels.csproj", "{0F188FC9-D10C-48DB-917A-FF1CB9C8E795}"
EndProject
Project("{FAE04EC0-301F-11D3-BF4B-00C04F79EFBC}") = "Weave.ViewModels.Repository", "..\..\Weave.Portable\Weave.ViewModels.Repository\Weave.ViewModels.Repository.csproj", "{D326F8C2-8DCF-43D4-9BAD-BC07CA6D6CCE}"
EndProject
Global
	GlobalSection(SolutionConfigurationPlatforms) = preSolution
		Debug|Any CPU = Debug|Any CPU
		Debug|ARM = Debug|ARM
		Debug|x64 = Debug|x64
		Debug|x86 = Debug|x86
		Release|Any CPU = Release|Any CPU
		Release|ARM = Release|ARM
		Release|x64 = Release|x64
		Release|x86 = Release|x86
	EndGlobalSection
	GlobalSection(ProjectConfigurationPlatforms) = postSolution
		{7EC89818-57BE-4B54-8B69-38E7C7E8470E}.Debug|Any CPU.ActiveCfg = Debug|Any CPU
		{7EC89818-57BE-4B54-8B69-38E7C7E8470E}.Debug|Any CPU.Build.0 = Debug|Any CPU
		{7EC89818-57BE-4B54-8B69-38E7C7E8470E}.Debug|Any CPU.Deploy.0 = Debug|Any CPU
		{7EC89818-57BE-4B54-8B69-38E7C7E8470E}.Debug|ARM.ActiveCfg = Debug|ARM
		{7EC89818-57BE-4B54-8B69-38E7C7E8470E}.Debug|ARM.Build.0 = Debug|ARM
		{7EC89818-57BE-4B54-8B69-38E7C7E8470E}.Debug|ARM.Deploy.0 = Debug|ARM
		{7EC89818-57BE-4B54-8B69-38E7C7E8470E}.Debug|x64.ActiveCfg = Debug|x64
		{7EC89818-57BE-4B54-8B69-38E7C7E8470E}.Debug|x64.Build.0 = Debug|x64
		{7EC89818-57BE-4B54-8B69-38E7C7E8470E}.Debug|x64.Deploy.0 = Debug|x64
		{7EC89818-57BE-4B54-8B69-38E7C7E8470E}.Debug|x86.ActiveCfg = Debug|x86
		{7EC89818-57BE-4B54-8B69-38E7C7E8470E}.Debug|x86.Build.0 = Debug|x86
		{7EC89818-57BE-4B54-8B69-38E7C7E8470E}.Debug|x86.Deploy.0 = Debug|x86
		{7EC89818-57BE-4B54-8B69-38E7C7E8470E}.Release|Any CPU.ActiveCfg = Release|Any CPU
		{7EC89818-57BE-4B54-8B69-38E7C7E8470E}.Release|Any CPU.Build.0 = Release|Any CPU
		{7EC89818-57BE-4B54-8B69-38E7C7E8470E}.Release|Any CPU.Deploy.0 = Release|Any CPU
		{7EC89818-57BE-4B54-8B69-38E7C7E8470E}.Release|ARM.ActiveCfg = Release|ARM
		{7EC89818-57BE-4B54-8B69-38E7C7E8470E}.Release|ARM.Build.0 = Release|ARM
		{7EC89818-57BE-4B54-8B69-38E7C7E8470E}.Release|ARM.Deploy.0 = Release|ARM
		{7EC89818-57BE-4B54-8B69-38E7C7E8470E}.Release|x64.ActiveCfg = Release|x64
		{7EC89818-57BE-4B54-8B69-38E7C7E8470E}.Release|x64.Build.0 = Release|x64
		{7EC89818-57BE-4B54-8B69-38E7C7E8470E}.Release|x64.Deploy.0 = Release|x64
		{7EC89818-57BE-4B54-8B69-38E7C7E8470E}.Release|x86.ActiveCfg = Release|x86
		{7EC89818-57BE-4B54-8B69-38E7C7E8470E}.Release|x86.Build.0 = Release|x86
		{7EC89818-57BE-4B54-8B69-38E7C7E8470E}.Release|x86.Deploy.0 = Release|x86
		{02F3363F-7B0F-4C5F-9123-B388F2870C35}.Debug|Any CPU.ActiveCfg = Debug|Any CPU
		{02F3363F-7B0F-4C5F-9123-B388F2870C35}.Debug|Any CPU.Build.0 = Debug|Any CPU
		{02F3363F-7B0F-4C5F-9123-B388F2870C35}.Debug|ARM.ActiveCfg = Debug|Any CPU
		{02F3363F-7B0F-4C5F-9123-B388F2870C35}.Debug|x64.ActiveCfg = Debug|Any CPU
		{02F3363F-7B0F-4C5F-9123-B388F2870C35}.Debug|x86.ActiveCfg = Debug|Any CPU
		{02F3363F-7B0F-4C5F-9123-B388F2870C35}.Release|Any CPU.ActiveCfg = Release|Any CPU
		{02F3363F-7B0F-4C5F-9123-B388F2870C35}.Release|Any CPU.Build.0 = Release|Any CPU
		{02F3363F-7B0F-4C5F-9123-B388F2870C35}.Release|ARM.ActiveCfg = Release|Any CPU
		{02F3363F-7B0F-4C5F-9123-B388F2870C35}.Release|x64.ActiveCfg = Release|Any CPU
		{02F3363F-7B0F-4C5F-9123-B388F2870C35}.Release|x86.ActiveCfg = Release|Any CPU
		{75F2F4B1-BEB2-4AC6-A935-5A795C5A79A0}.Debug|Any CPU.ActiveCfg = Debug|Any CPU
		{75F2F4B1-BEB2-4AC6-A935-5A795C5A79A0}.Debug|Any CPU.Build.0 = Debug|Any CPU
		{75F2F4B1-BEB2-4AC6-A935-5A795C5A79A0}.Debug|ARM.ActiveCfg = Debug|Any CPU
		{75F2F4B1-BEB2-4AC6-A935-5A795C5A79A0}.Debug|x64.ActiveCfg = Debug|Any CPU
		{75F2F4B1-BEB2-4AC6-A935-5A795C5A79A0}.Debug|x86.ActiveCfg = Debug|Any CPU
		{75F2F4B1-BEB2-4AC6-A935-5A795C5A79A0}.Release|Any CPU.ActiveCfg = Release|Any CPU
		{75F2F4B1-BEB2-4AC6-A935-5A795C5A79A0}.Release|Any CPU.Build.0 = Release|Any CPU
		{75F2F4B1-BEB2-4AC6-A935-5A795C5A79A0}.Release|ARM.ActiveCfg = Release|Any CPU
		{75F2F4B1-BEB2-4AC6-A935-5A795C5A79A0}.Release|x64.ActiveCfg = Release|Any CPU
		{75F2F4B1-BEB2-4AC6-A935-5A795C5A79A0}.Release|x86.ActiveCfg = Release|Any CPU
		{0F188FC9-D10C-48DB-917A-FF1CB9C8E795}.Debug|Any CPU.ActiveCfg = Debug|Any CPU
		{0F188FC9-D10C-48DB-917A-FF1CB9C8E795}.Debug|Any CPU.Build.0 = Debug|Any CPU
		{0F188FC9-D10C-48DB-917A-FF1CB9C8E795}.Debug|ARM.ActiveCfg = Debug|Any CPU
		{0F188FC9-D10C-48DB-917A-FF1CB9C8E795}.Debug|x64.ActiveCfg = Debug|Any CPU
		{0F188FC9-D10C-48DB-917A-FF1CB9C8E795}.Debug|x86.ActiveCfg = Debug|Any CPU
		{0F188FC9-D10C-48DB-917A-FF1CB9C8E795}.Release|Any CPU.ActiveCfg = Release|Any CPU
		{0F188FC9-D10C-48DB-917A-FF1CB9C8E795}.Release|Any CPU.Build.0 = Release|Any CPU
		{0F188FC9-D10C-48DB-917A-FF1CB9C8E795}.Release|ARM.ActiveCfg = Release|Any CPU
		{0F188FC9-D10C-48DB-917A-FF1CB9C8E795}.Release|x64.ActiveCfg = Release|Any CPU
		{0F188FC9-D10C-48DB-917A-FF1CB9C8E795}.Release|x86.ActiveCfg = Release|Any CPU
		{D326F8C2-8DCF-43D4-9BAD-BC07CA6D6CCE}.Debug|Any CPU.ActiveCfg = Debug|Any CPU
		{D326F8C2-8DCF-43D4-9BAD-BC07CA6D6CCE}.Debug|Any CPU.Build.0 = Debug|Any CPU
		{D326F8C2-8DCF-43D4-9BAD-BC07CA6D6CCE}.Debug|ARM.ActiveCfg = Debug|Any CPU
		{D326F8C2-8DCF-43D4-9BAD-BC07CA6D6CCE}.Debug|x64.ActiveCfg = Debug|Any CPU
		{D326F8C2-8DCF-43D4-9BAD-BC07CA6D6CCE}.Debug|x86.ActiveCfg = Debug|Any CPU
		{D326F8C2-8DCF-43D4-9BAD-BC07CA6D6CCE}.Release|Any CPU.ActiveCfg = Release|Any CPU
		{D326F8C2-8DCF-43D4-9BAD-BC07CA6D6CCE}.Release|Any CPU.Build.0 = Release|Any CPU
		{D326F8C2-8DCF-43D4-9BAD-BC07CA6D6CCE}.Release|ARM.ActiveCfg = Release|Any CPU
		{D326F8C2-8DCF-43D4-9BAD-BC07CA6D6CCE}.Release|x64.ActiveCfg = Release|Any CPU
		{D326F8C2-8DCF-43D4-9BAD-BC07CA6D6CCE}.Release|x86.ActiveCfg = Release|Any CPU
	EndGlobalSection
	GlobalSection(SolutionProperties) = preSolution
		HideSolutionNode = FALSE
	EndGlobalSection
EndGlobal
