
Microsoft Visual Studio Solution File, Format Version 12.00
# Visual Studio 2013
VisualStudioVersion = 12.0.30501.0
MinimumVisualStudioVersion = 10.0.40219.1
Project("{FAE04EC0-301F-11D3-BF4B-00C04F79EFBC}") = "Weave", "Weave\Weave.csproj", "{7EC89818-57BE-4B54-8B69-38E7C7E8470E}"
EndProject
Project("{2150E333-8FDC-42A3-9474-1A3956D46DE8}") = "Common", "Common", "{9BE6AEB5-8BBE-4626-937F-70827254E440}"
EndProject
Project("{2150E333-8FDC-42A3-9474-1A3956D46DE8}") = "Library", "Library", "{A962945C-D6F6-442E-8195-929C93F78E22}"
EndProject
Project("{FAE04EC0-301F-11D3-BF4B-00C04F79EFBC}") = "Weave.Microsoft.OneNote", "Weave.Microsoft.OneNote\Weave.Microsoft.OneNote.csproj", "{40DD10DB-45AE-41AC-91B0-99FE84280A88}"
EndProject
Project("{FAE04EC0-301F-11D3-BF4B-00C04F79EFBC}") = "Weave.FeedSearchService", "Weave.FeedSearchService\Weave.FeedSearchService.csproj", "{76361B4A-F393-409D-BDD8-3CDA0CC5D118}"
EndProject
Project("{2150E333-8FDC-42A3-9474-1A3956D46DE8}") = ".nuget", ".nuget", "{A3DBE7AE-A700-4A6D-805B-1F21A9827C99}"
	ProjectSection(SolutionItems) = preProject
		.nuget\NuGet.Config = .nuget\NuGet.Config
		.nuget\NuGet.exe = .nuget\NuGet.exe
		.nuget\NuGet.targets = .nuget\NuGet.targets
	EndProjectSection
EndProject
Project("{FAE04EC0-301F-11D3-BF4B-00C04F79EFBC}") = "Common.Windows.Compression", "Common.Windows.Compression\Common.Windows.Compression.csproj", "{2AADA961-3A53-4F1D-AC3D-D3CB75DD5E80}"
EndProject
Project("{FAE04EC0-301F-11D3-BF4B-00C04F79EFBC}") = "Weave.Mobilizer.Client", "Weave.Mobilizer.Client\Weave.Mobilizer.Client.csproj", "{E69950F6-0A2E-4481-ADCF-839301969B3E}"
EndProject
Global
	GlobalSection(SolutionConfigurationPlatforms) = preSolution
		Debug|Any CPU = Debug|Any CPU
		Debug|ARM = Debug|ARM
		Debug|x64 = Debug|x64
		Debug|x86 = Debug|x86
		Release|Any CPU = Release|Any CPU
		Release|ARM = Release|ARM
		Release|x64 = Release|x64
		Release|x86 = Release|x86
	EndGlobalSection
	GlobalSection(ProjectConfigurationPlatforms) = postSolution
		{7EC89818-57BE-4B54-8B69-38E7C7E8470E}.Debug|Any CPU.ActiveCfg = Debug|Any CPU
		{7EC89818-57BE-4B54-8B69-38E7C7E8470E}.Debug|Any CPU.Build.0 = Debug|Any CPU
		{7EC89818-57BE-4B54-8B69-38E7C7E8470E}.Debug|Any CPU.Deploy.0 = Debug|Any CPU
		{7EC89818-57BE-4B54-8B69-38E7C7E8470E}.Debug|ARM.ActiveCfg = Debug|ARM
		{7EC89818-57BE-4B54-8B69-38E7C7E8470E}.Debug|ARM.Build.0 = Debug|ARM
		{7EC89818-57BE-4B54-8B69-38E7C7E8470E}.Debug|ARM.Deploy.0 = Debug|ARM
		{7EC89818-57BE-4B54-8B69-38E7C7E8470E}.Debug|x64.ActiveCfg = Debug|x64
		{7EC89818-57BE-4B54-8B69-38E7C7E8470E}.Debug|x64.Build.0 = Debug|x64
		{7EC89818-57BE-4B54-8B69-38E7C7E8470E}.Debug|x64.Deploy.0 = Debug|x64
		{7EC89818-57BE-4B54-8B69-38E7C7E8470E}.Debug|x86.ActiveCfg = Debug|x86
		{7EC89818-57BE-4B54-8B69-38E7C7E8470E}.Debug|x86.Build.0 = Debug|x86
		{7EC89818-57BE-4B54-8B69-38E7C7E8470E}.Debug|x86.Deploy.0 = Debug|x86
		{7EC89818-57BE-4B54-8B69-38E7C7E8470E}.Release|Any CPU.ActiveCfg = Release|Any CPU
		{7EC89818-57BE-4B54-8B69-38E7C7E8470E}.Release|Any CPU.Build.0 = Release|Any CPU
		{7EC89818-57BE-4B54-8B69-38E7C7E8470E}.Release|Any CPU.Deploy.0 = Release|Any CPU
		{7EC89818-57BE-4B54-8B69-38E7C7E8470E}.Release|ARM.ActiveCfg = Release|ARM
		{7EC89818-57BE-4B54-8B69-38E7C7E8470E}.Release|ARM.Build.0 = Release|ARM
		{7EC89818-57BE-4B54-8B69-38E7C7E8470E}.Release|ARM.Deploy.0 = Release|ARM
		{7EC89818-57BE-4B54-8B69-38E7C7E8470E}.Release|x64.ActiveCfg = Release|x64
		{7EC89818-57BE-4B54-8B69-38E7C7E8470E}.Release|x64.Build.0 = Release|x64
		{7EC89818-57BE-4B54-8B69-38E7C7E8470E}.Release|x64.Deploy.0 = Release|x64
		{7EC89818-57BE-4B54-8B69-38E7C7E8470E}.Release|x86.ActiveCfg = Release|x86
		{7EC89818-57BE-4B54-8B69-38E7C7E8470E}.Release|x86.Build.0 = Release|x86
		{7EC89818-57BE-4B54-8B69-38E7C7E8470E}.Release|x86.Deploy.0 = Release|x86
		{40DD10DB-45AE-41AC-91B0-99FE84280A88}.Debug|Any CPU.ActiveCfg = Debug|Any CPU
		{40DD10DB-45AE-41AC-91B0-99FE84280A88}.Debug|Any CPU.Build.0 = Debug|Any CPU
		{40DD10DB-45AE-41AC-91B0-99FE84280A88}.Debug|ARM.ActiveCfg = Debug|ARM
		{40DD10DB-45AE-41AC-91B0-99FE84280A88}.Debug|ARM.Build.0 = Debug|ARM
		{40DD10DB-45AE-41AC-91B0-99FE84280A88}.Debug|x64.ActiveCfg = Debug|x64
		{40DD10DB-45AE-41AC-91B0-99FE84280A88}.Debug|x64.Build.0 = Debug|x64
		{40DD10DB-45AE-41AC-91B0-99FE84280A88}.Debug|x86.ActiveCfg = Debug|x86
		{40DD10DB-45AE-41AC-91B0-99FE84280A88}.Debug|x86.Build.0 = Debug|x86
		{40DD10DB-45AE-41AC-91B0-99FE84280A88}.Release|Any CPU.ActiveCfg = Release|Any CPU
		{40DD10DB-45AE-41AC-91B0-99FE84280A88}.Release|Any CPU.Build.0 = Release|Any CPU
		{40DD10DB-45AE-41AC-91B0-99FE84280A88}.Release|ARM.ActiveCfg = Release|ARM
		{40DD10DB-45AE-41AC-91B0-99FE84280A88}.Release|ARM.Build.0 = Release|ARM
		{40DD10DB-45AE-41AC-91B0-99FE84280A88}.Release|x64.ActiveCfg = Release|x64
		{40DD10DB-45AE-41AC-91B0-99FE84280A88}.Release|x64.Build.0 = Release|x64
		{40DD10DB-45AE-41AC-91B0-99FE84280A88}.Release|x86.ActiveCfg = Release|x86
		{40DD10DB-45AE-41AC-91B0-99FE84280A88}.Release|x86.Build.0 = Release|x86
		{76361B4A-F393-409D-BDD8-3CDA0CC5D118}.Debug|Any CPU.ActiveCfg = Debug|Any CPU
		{76361B4A-F393-409D-BDD8-3CDA0CC5D118}.Debug|Any CPU.Build.0 = Debug|Any CPU
		{76361B4A-F393-409D-BDD8-3CDA0CC5D118}.Debug|ARM.ActiveCfg = Debug|ARM
		{76361B4A-F393-409D-BDD8-3CDA0CC5D118}.Debug|ARM.Build.0 = Debug|ARM
		{76361B4A-F393-409D-BDD8-3CDA0CC5D118}.Debug|x64.ActiveCfg = Debug|x64
		{76361B4A-F393-409D-BDD8-3CDA0CC5D118}.Debug|x64.Build.0 = Debug|x64
		{76361B4A-F393-409D-BDD8-3CDA0CC5D118}.Debug|x86.ActiveCfg = Debug|x86
		{76361B4A-F393-409D-BDD8-3CDA0CC5D118}.Debug|x86.Build.0 = Debug|x86
		{76361B4A-F393-409D-BDD8-3CDA0CC5D118}.Release|Any CPU.ActiveCfg = Release|Any CPU
		{76361B4A-F393-409D-BDD8-3CDA0CC5D118}.Release|Any CPU.Build.0 = Release|Any CPU
		{76361B4A-F393-409D-BDD8-3CDA0CC5D118}.Release|ARM.ActiveCfg = Release|ARM
		{76361B4A-F393-409D-BDD8-3CDA0CC5D118}.Release|ARM.Build.0 = Release|ARM
		{76361B4A-F393-409D-BDD8-3CDA0CC5D118}.Release|x64.ActiveCfg = Release|x64
		{76361B4A-F393-409D-BDD8-3CDA0CC5D118}.Release|x64.Build.0 = Release|x64
		{76361B4A-F393-409D-BDD8-3CDA0CC5D118}.Release|x86.ActiveCfg = Release|x86
		{76361B4A-F393-409D-BDD8-3CDA0CC5D118}.Release|x86.Build.0 = Release|x86
		{2AADA961-3A53-4F1D-AC3D-D3CB75DD5E80}.Debug|Any CPU.ActiveCfg = Debug|Any CPU
		{2AADA961-3A53-4F1D-AC3D-D3CB75DD5E80}.Debug|Any CPU.Build.0 = Debug|Any CPU
		{2AADA961-3A53-4F1D-AC3D-D3CB75DD5E80}.Debug|ARM.ActiveCfg = Debug|Any CPU
		{2AADA961-3A53-4F1D-AC3D-D3CB75DD5E80}.Debug|x64.ActiveCfg = Debug|Any CPU
		{2AADA961-3A53-4F1D-AC3D-D3CB75DD5E80}.Debug|x86.ActiveCfg = Debug|Any CPU
		{2AADA961-3A53-4F1D-AC3D-D3CB75DD5E80}.Release|Any CPU.ActiveCfg = Release|Any CPU
		{2AADA961-3A53-4F1D-AC3D-D3CB75DD5E80}.Release|Any CPU.Build.0 = Release|Any CPU
		{2AADA961-3A53-4F1D-AC3D-D3CB75DD5E80}.Release|ARM.ActiveCfg = Release|Any CPU
		{2AADA961-3A53-4F1D-AC3D-D3CB75DD5E80}.Release|x64.ActiveCfg = Release|Any CPU
		{2AADA961-3A53-4F1D-AC3D-D3CB75DD5E80}.Release|x86.ActiveCfg = Release|Any CPU
		{E69950F6-0A2E-4481-ADCF-839301969B3E}.Debug|Any CPU.ActiveCfg = Debug|Any CPU
		{E69950F6-0A2E-4481-ADCF-839301969B3E}.Debug|Any CPU.Build.0 = Debug|Any CPU
		{E69950F6-0A2E-4481-ADCF-839301969B3E}.Debug|ARM.ActiveCfg = Debug|ARM
		{E69950F6-0A2E-4481-ADCF-839301969B3E}.Debug|ARM.Build.0 = Debug|ARM
		{E69950F6-0A2E-4481-ADCF-839301969B3E}.Debug|x64.ActiveCfg = Debug|x64
		{E69950F6-0A2E-4481-ADCF-839301969B3E}.Debug|x64.Build.0 = Debug|x64
		{E69950F6-0A2E-4481-ADCF-839301969B3E}.Debug|x86.ActiveCfg = Debug|x86
		{E69950F6-0A2E-4481-ADCF-839301969B3E}.Debug|x86.Build.0 = Debug|x86
		{E69950F6-0A2E-4481-ADCF-839301969B3E}.Release|Any CPU.ActiveCfg = Release|Any CPU
		{E69950F6-0A2E-4481-ADCF-839301969B3E}.Release|Any CPU.Build.0 = Release|Any CPU
		{E69950F6-0A2E-4481-ADCF-839301969B3E}.Release|ARM.ActiveCfg = Release|ARM
		{E69950F6-0A2E-4481-ADCF-839301969B3E}.Release|ARM.Build.0 = Release|ARM
		{E69950F6-0A2E-4481-ADCF-839301969B3E}.Release|x64.ActiveCfg = Release|x64
		{E69950F6-0A2E-4481-ADCF-839301969B3E}.Release|x64.Build.0 = Release|x64
		{E69950F6-0A2E-4481-ADCF-839301969B3E}.Release|x86.ActiveCfg = Release|x86
		{E69950F6-0A2E-4481-ADCF-839301969B3E}.Release|x86.Build.0 = Release|x86
	EndGlobalSection
	GlobalSection(SolutionProperties) = preSolution
		HideSolutionNode = FALSE
	EndGlobalSection
	GlobalSection(NestedProjects) = preSolution
		{40DD10DB-45AE-41AC-91B0-99FE84280A88} = {9BE6AEB5-8BBE-4626-937F-70827254E440}
		{76361B4A-F393-409D-BDD8-3CDA0CC5D118} = {9BE6AEB5-8BBE-4626-937F-70827254E440}
		{2AADA961-3A53-4F1D-AC3D-D3CB75DD5E80} = {A962945C-D6F6-442E-8195-929C93F78E22}
		{E69950F6-0A2E-4481-ADCF-839301969B3E} = {9BE6AEB5-8BBE-4626-937F-70827254E440}
	EndGlobalSection
EndGlobal
